{
  "version": 4,
  "terraform_version": "1.8.5",
  "serial": 3,
  "lineage": "bb78e75a-ee0a-630e-7b33-93b5b99230cc",
  "outputs": {
    "public_ip": {
      "value": "147.45.252.132",
      "type": "string"
    }
  },
  "resources": [
    {
      "mode": "data",
      "type": "twc_configurator",
      "name": "configurator",
      "provider": "provider[\"tf.timeweb.cloud/timeweb-cloud/timeweb-cloud\"]",
      "instances": [
        {
          "schema_version": 0,
          "attributes": {
            "cpu_frequency": "3.3",
            "disk_type": "nvme",
            "id": "21",
            "location": "nl-1",
            "requirements": [
              {
                "cpu_max": 104,
                "cpu_min": 1,
                "cpu_step": 1,
                "disk_max": 2048000,
                "disk_min": 10240,
                "disk_step": 5120,
                "network_bandwidth_max": 1000,
                "network_bandwidth_min": 200,
                "network_bandwidth_step": 100,
                "ram_max": 747520,
                "ram_min": 1024,
                "ram_step": 1024
              }
            ]
          },
          "sensitive_attributes": []
        }
      ]
    },
    {
      "mode": "data",
      "type": "twc_os",
      "name": "os",
      "provider": "provider[\"tf.timeweb.cloud/timeweb-cloud/timeweb-cloud\"]",
      "instances": [
        {
          "schema_version": 0,
          "attributes": {
            "description": "",
            "family": "linux",
            "id": "79",
            "name": "ubuntu",
            "requirements": [
              {
                "bandwidth_min": 0,
                "cpu_min": 0,
                "disk_min": 0,
                "ram_min": 0
              }
            ],
            "version": "22.04",
            "version_codename": "jammy"
          },
          "sensitive_attributes": []
        }
      ]
    },
    {
      "mode": "data",
      "type": "twc_ssh_keys",
      "name": "my_ssh_key",
      "provider": "provider[\"tf.timeweb.cloud/timeweb-cloud/timeweb-cloud\"]",
      "instances": [
        {
          "schema_version": 0,
          "attributes": {
            "body": "ssh-ed25519 AAAAC3NzaC1lZDI1NTE5AAAAIL+O6cXczlSLnL0wZSMe6qRNKpfbdiG6BtYwCmvi5ctR fill@Macmini.local",
            "created_at": "2024-06-30T20:47:03.000Z",
            "id": "201059",
            "name": "fill@Macmini.local"
          },
          "sensitive_attributes": []
        }
      ]
    },
    {
      "mode": "managed",
      "type": "twc_floating_ip",
      "name": "openvpn-floating-ip",
      "provider": "provider[\"tf.timeweb.cloud/timeweb-cloud/timeweb-cloud\"]",
      "instances": [
        {
          "schema_version": 0,
          "attributes": {
            "availability_zone": "ams-1",
            "comment": "Some floating IP",
            "ddos_guard": false,
            "id": "fa09a540-d905-4481-9b19-b4fdaab0cb00",
            "ip": "147.45.252.132",
            "ptr": null,
            "resource": [
              {
                "id": "3186959",
                "type": "server"
              }
            ]
          },
          "sensitive_attributes": [],
          "private": "bnVsbA==",
          "dependencies": [
            "data.twc_configurator.configurator",
            "data.twc_os.os",
            "data.twc_ssh_keys.my_ssh_key",
            "twc_server.openvpn-server"
          ]
        }
      ]
    },
    {
      "mode": "managed",
      "type": "twc_server",
      "name": "openvpn-server",
      "provider": "provider[\"tf.timeweb.cloud/timeweb-cloud/timeweb-cloud\"]",
      "instances": [
        {
          "schema_version": 0,
          "attributes": {
            "availability_zone": "ams-1",
            "avatar_id": "",
            "bandwidth": null,
            "boot_mode": "std",
            "cloud_init": null,
            "comment": "",
            "configuration": [
              {
                "configurator_id": 21,
                "cpu": 1,
                "disk": 10240,
                "ram": 1024
              }
            ],
            "configurator_id": 21,
            "cpu": 1,
            "cpu_frequency": "3.3",
            "disks": [
              {
                "id": 19722445,
                "is_mounted": true,
                "is_system": true,
                "size": 10240,
                "status": "done",
                "system_name": "vda",
                "type": "nvme",
                "used": 0
              }
            ],
            "id": "3186959",
            "image_id": null,
            "is_ddos_guard": false,
            "local_network": [],
            "location": "nl-1",
            "main_ipv4": null,
            "name": "Openvpn-server",
            "networks": [
              {
                "bandwidth": 200,
                "ips": [],
                "is_ddos_guard": false,
                "nat_mode": "",
                "type": "public"
              }
            ],
            "os": [
              {
                "id": 79,
                "name": "ubuntu",
                "version": "22.04"
              }
            ],
            "os_id": 79,
            "preset_id": 0,
            "project_id": 875727,
            "ram": 1024,
            "software": [],
            "software_id": null,
            "source_server_id": null,
            "ssh_keys_ids": [
              201059
            ],
            "start_at": "",
            "status": "installing",
            "vnc_pass": ""
          },
          "sensitive_attributes": [
            [
              {
                "type": "get_attr",
                "value": "vnc_pass"
              }
            ]
          ],
          "private": "bnVsbA==",
          "dependencies": [
            "data.twc_configurator.configurator",
            "data.twc_os.os",
            "data.twc_ssh_keys.my_ssh_key"
          ]
        }
      ]
    }
  ],
  "check_results": null
}
