{
  "version": 4,
  "terraform_version": "1.8.5",
  "serial": 61,
  "lineage": "56248d2b-3dfa-af2c-bf5b-fa9be1cfd759",
  "outputs": {
    "external_ip2": {
      "value": "130.193.37.180",
      "type": "string"
    }
  },
  "resources": [
    {
      "mode": "managed",
      "type": "yandex_compute_disk",
      "name": "boot-disk",
      "provider": "provider[\"registry.terraform.io/yandex-cloud/yandex\"]",
      "instances": [
        {
          "schema_version": 0,
          "attributes": {
            "allow_recreate": null,
            "block_size": 4096,
            "created_at": "2024-07-09T21:16:07Z",
            "description": "",
            "disk_placement_policy": [
              {
                "disk_placement_group_id": ""
              }
            ],
            "folder_id": "b1g7qh7t0i4sftogmaue",
            "id": "fhmk8ek5480fmmetablj",
            "image_id": "fd87j6d92jlrbjqbl32q",
            "labels": {
              "environment": "vm-env-labels"
            },
            "name": "disk-vm1",
            "product_ids": [
              "f2eai1ausrnug8r44j6h"
            ],
            "size": 10,
            "snapshot_id": "",
            "status": "ready",
            "timeouts": null,
            "type": "network-ssd",
            "zone": "ru-central1-a"
          },
          "sensitive_attributes": [],
          "private": "eyJlMmJmYjczMC1lY2FhLTExZTYtOGY4OC0zNDM2M2JjN2M0YzAiOnsiY3JlYXRlIjozMDAwMDAwMDAwMDAsImRlbGV0ZSI6MzAwMDAwMDAwMDAwLCJ1cGRhdGUiOjMwMDAwMDAwMDAwMH19"
        }
      ]
    },
    {
      "mode": "managed",
      "type": "yandex_compute_instance",
      "name": "vm-test",
      "provider": "provider[\"registry.terraform.io/yandex-cloud/yandex\"]",
      "instances": [
        {
          "schema_version": 1,
          "attributes": {
            "allow_recreate": null,
            "allow_stopping_for_update": null,
            "boot_disk": [
              {
                "auto_delete": true,
                "device_name": "fhmk8ek5480fmmetablj",
                "disk_id": "fhmk8ek5480fmmetablj",
                "initialize_params": [
                  {
                    "block_size": 4096,
                    "description": "",
                    "image_id": "fd87j6d92jlrbjqbl32q",
                    "name": "disk-vm1",
                    "size": 10,
                    "snapshot_id": "",
                    "type": "network-ssd"
                  }
                ],
                "mode": "READ_WRITE"
              }
            ],
            "created_at": "2024-07-09T21:16:15Z",
            "description": "",
            "filesystem": [],
            "folder_id": "b1g7qh7t0i4sftogmaue",
            "fqdn": "fhmbt935fdr8vm1qq09n.auto.internal",
            "gpu_cluster_id": "",
            "hostname": "",
            "id": "fhmbt935fdr8vm1qq09n",
            "labels": {},
            "local_disk": [],
            "maintenance_grace_period": "",
            "maintenance_policy": null,
            "metadata": {
              "user-data": "#cloud-config\n#Впишите свои настройки в поле name и ssh_authoriezed_keys\ndatasource:\n  Ec2:\n    strict_id: false\nssh_pwauth: no\nusers:\n - name: fill\n   sudo: 'ALL=(ALL) NOPASSWD:ALL'\n   shell: /bin/bash  \n   ssh_authorized_keys:  \n   - ssh-ed25519 AAAAC3NzaC1lZDI1NTE5AAAAIL+O6cXczlSLnL0wZSMe6qRNKpfbdiG6BtYwCmvi5ctR fill@Macmini.local\n   - ssh-ed25519 AAAAC3NzaC1lZDI1NTE5AAAAIOlPFhFwKepToM3D/5wgUfFsPsv99sZkfUr9gnuhYYr/ fill@MacBookAir.local\npackages:\n  - nginx\nruncmd:\n  - systemctl start nginx\n  - systemctl enable nginx\n"
            },
            "metadata_options": [
              {
                "aws_v1_http_endpoint": 1,
                "aws_v1_http_token": 2,
                "gce_http_endpoint": 1,
                "gce_http_token": 1
              }
            ],
            "name": "test",
            "network_acceleration_type": "standard",
            "network_interface": [
              {
                "dns_record": [],
                "index": 0,
                "ip_address": "10.2.0.5",
                "ipv4": true,
                "ipv6": false,
                "ipv6_address": "",
                "ipv6_dns_record": [],
                "mac_address": "d0:0d:be:a4:65:7b",
                "nat": true,
                "nat_dns_record": [],
                "nat_ip_address": "130.193.37.180",
                "nat_ip_version": "IPV4",
                "security_group_ids": [],
                "subnet_id": "e9bc7alivmt0pqr768de"
              }
            ],
            "placement_policy": [
              {
                "host_affinity_rules": [],
                "placement_group_id": "",
                "placement_group_partition": 0
              }
            ],
            "platform_id": "standard-v1",
            "resources": [
              {
                "core_fraction": 5,
                "cores": 2,
                "gpus": 0,
                "memory": 1
              }
            ],
            "scheduling_policy": [
              {
                "preemptible": false
              }
            ],
            "secondary_disk": [],
            "service_account_id": "",
            "status": "running",
            "timeouts": null,
            "zone": "ru-central1-a"
          },
          "sensitive_attributes": [],
          "private": "eyJlMmJmYjczMC1lY2FhLTExZTYtOGY4OC0zNDM2M2JjN2M0YzAiOnsiY3JlYXRlIjozMDAwMDAwMDAwMDAsImRlbGV0ZSI6MzAwMDAwMDAwMDAwLCJ1cGRhdGUiOjMwMDAwMDAwMDAwMH0sInNjaGVtYV92ZXJzaW9uIjoiMSJ9",
          "dependencies": [
            "yandex_compute_disk.boot-disk",
            "yandex_vpc_network.test-vpc",
            "yandex_vpc_subnet.test-subnet"
          ]
        }
      ]
    },
    {
      "mode": "managed",
      "type": "yandex_vpc_network",
      "name": "test-vpc",
      "provider": "provider[\"registry.terraform.io/yandex-cloud/yandex\"]",
      "instances": [
        {
          "schema_version": 0,
          "attributes": {
            "created_at": "2024-07-09T21:16:07Z",
            "default_security_group_id": "enp912buvtljabi1fonp",
            "description": "",
            "folder_id": "b1g7qh7t0i4sftogmaue",
            "id": "enpsminjnskp6homqnhi",
            "labels": {},
            "name": "EQ-test",
            "subnet_ids": [
              "e9bc7alivmt0pqr768de"
            ],
            "timeouts": null
          },
          "sensitive_attributes": [],
          "private": "eyJlMmJmYjczMC1lY2FhLTExZTYtOGY4OC0zNDM2M2JjN2M0YzAiOnsiY3JlYXRlIjo2MDAwMDAwMDAwMCwiZGVsZXRlIjo2MDAwMDAwMDAwMCwidXBkYXRlIjo2MDAwMDAwMDAwMH19"
        }
      ]
    },
    {
      "mode": "managed",
      "type": "yandex_vpc_security_group",
      "name": "group1",
      "provider": "provider[\"registry.terraform.io/yandex-cloud/yandex\"]",
      "instances": [
        {
          "schema_version": 0,
          "attributes": {
            "created_at": "2024-07-09T21:35:20Z",
            "description": "description for my security group",
            "egress": [
              {
                "description": "rule2 description",
                "from_port": 0,
                "id": "enpjt85hkr49slgtsiqv",
                "labels": {},
                "port": -1,
                "predefined_target": "",
                "protocol": "ANY",
                "security_group_id": "",
                "to_port": 65535,
                "v4_cidr_blocks": [
                  "0.0.0.0/0"
                ],
                "v6_cidr_blocks": []
              }
            ],
            "folder_id": "b1g7qh7t0i4sftogmaue",
            "id": "enp7dvortq5v5dc21ffn",
            "ingress": [
              {
                "description": "rule1 description",
                "from_port": -1,
                "id": "enp7ah9aiuei27ubmu78",
                "labels": {},
                "port": 80,
                "predefined_target": "",
                "protocol": "TCP",
                "security_group_id": "",
                "to_port": -1,
                "v4_cidr_blocks": [
                  "0.0.0.0/0"
                ],
                "v6_cidr_blocks": []
              },
              {
                "description": "rule1 description",
                "from_port": -1,
                "id": "enpmijubsfveq4dmre82",
                "labels": {},
                "port": 443,
                "predefined_target": "",
                "protocol": "TCP",
                "security_group_id": "",
                "to_port": -1,
                "v4_cidr_blocks": [
                  "0.0.0.0/0"
                ],
                "v6_cidr_blocks": []
              }
            ],
            "labels": {
              "my-label": "my-label-value"
            },
            "name": "my-security-group",
            "network_id": "enpsminjnskp6homqnhi",
            "status": "ACTIVE",
            "timeouts": null
          },
          "sensitive_attributes": [],
          "private": "eyJlMmJmYjczMC1lY2FhLTExZTYtOGY4OC0zNDM2M2JjN2M0YzAiOnsiY3JlYXRlIjoxODAwMDAwMDAwMDAsImRlbGV0ZSI6MTgwMDAwMDAwMDAwLCJ1cGRhdGUiOjE4MDAwMDAwMDAwMH19",
          "dependencies": [
            "yandex_vpc_network.test-vpc"
          ]
        }
      ]
    },
    {
      "mode": "managed",
      "type": "yandex_vpc_subnet",
      "name": "test-subnet",
      "provider": "provider[\"registry.terraform.io/yandex-cloud/yandex\"]",
      "instances": [
        {
          "schema_version": 0,
          "attributes": {
            "created_at": "2024-07-09T21:16:09Z",
            "description": "",
            "dhcp_options": [],
            "folder_id": "b1g7qh7t0i4sftogmaue",
            "id": "e9bc7alivmt0pqr768de",
            "labels": {},
            "name": "",
            "network_id": "enpsminjnskp6homqnhi",
            "route_table_id": "",
            "timeouts": null,
            "v4_cidr_blocks": [
              "10.2.0.0/16"
            ],
            "v6_cidr_blocks": [],
            "zone": "ru-central1-a"
          },
          "sensitive_attributes": [],
          "private": "eyJlMmJmYjczMC1lY2FhLTExZTYtOGY4OC0zNDM2M2JjN2M0YzAiOnsiY3JlYXRlIjoxODAwMDAwMDAwMDAsImRlbGV0ZSI6MTgwMDAwMDAwMDAwLCJ1cGRhdGUiOjE4MDAwMDAwMDAwMH19",
          "dependencies": [
            "yandex_vpc_network.test-vpc"
          ]
        }
      ]
    }
  ],
  "check_results": null
}
